
Microsoft Visual Studio Solution File, Format Version 12.00
# Visual Studio 15
VisualStudioVersion = 15.0.27004.2006
MinimumVisualStudioVersion = 10.0.40219.1
Project("{9A19103F-16F7-4668-BE54-9A1E7A4F7556}") = "HiN_Ventures", "HiN-Ventures\HiN_Ventures.csproj", "{7B881F82-CCA7-476C-BDB3-B2F929FF8EC2}"
EndProject
Project("{FAE04EC0-301F-11D3-BF4B-00C04F79EFBC}") = "HiN_Ventures_UnitTests", "HiN_Ventures_UnitTests\HiN_Ventures_UnitTests.csproj", "{5C842DE7-7A69-453B-9E8D-6359C84897D2}"
EndProject
Global
	GlobalSection(SolutionConfigurationPlatforms) = preSolution
		Debug|Any CPU = Debug|Any CPU
		Release|Any CPU = Release|Any CPU
	EndGlobalSection
	GlobalSection(ProjectConfigurationPlatforms) = postSolution
		{7B881F82-CCA7-476C-BDB3-B2F929FF8EC2}.Debug|Any CPU.ActiveCfg = Debug|Any CPU
		{7B881F82-CCA7-476C-BDB3-B2F929FF8EC2}.Debug|Any CPU.Build.0 = Debug|Any CPU
		{7B881F82-CCA7-476C-BDB3-B2F929FF8EC2}.Release|Any CPU.ActiveCfg = Release|Any CPU
		{7B881F82-CCA7-476C-BDB3-B2F929FF8EC2}.Release|Any CPU.Build.0 = Release|Any CPU
		{5C842DE7-7A69-453B-9E8D-6359C84897D2}.Debug|Any CPU.ActiveCfg = Debug|Any CPU
		{5C842DE7-7A69-453B-9E8D-6359C84897D2}.Debug|Any CPU.Build.0 = Debug|Any CPU
		{5C842DE7-7A69-453B-9E8D-6359C84897D2}.Release|Any CPU.ActiveCfg = Release|Any CPU
		{5C842DE7-7A69-453B-9E8D-6359C84897D2}.Release|Any CPU.Build.0 = Release|Any CPU
	EndGlobalSection
	GlobalSection(SolutionProperties) = preSolution
		HideSolutionNode = FALSE
	EndGlobalSection
	GlobalSection(ExtensibilityGlobals) = postSolution
		SolutionGuid = {145B438A-3A4C-4F45-9584-821C33A0EFCD}
	EndGlobalSection
EndGlobal
